Microsoft Visual Studio Solution File, Format Version 12.00
# Visual Studio Version 17
VisualStudioVersion = 17.5.2.0
MinimumVisualStudioVersion = 10.0.40219.1
Project("{2150E333-8FDC-42A3-9474-1A3956D46DE8}") = "DomainBorrowing", "DomainBorrowing", "{A8B11B05-1D92-66A0-B6D6-122728ABC184}"
EndProject
Project("{FAE04EC0-301F-11D3-BF4B-00C04F79EFBC}") = "ClientC2", "DomainBorrowing\ClientC2\ClientC2.csproj", "{2FAAF785-D23F-47F9-B5D8-C19B5D2EE36D}"
EndProject
Project("{FAE04EC0-301F-11D3-BF4B-00C04F79EFBC}") = "ServerC2", "DomainBorrowing\ServerC2\ServerC2.csproj", "{16B433D5-82E1-A952-3D9C-3C05FE5699C5}"
EndProject
Global
	GlobalSection(SolutionConfigurationPlatforms) = preSolution
		Debug|Any CPU = Debug|Any CPU
		Release|Any CPU = Release|Any CPU
	EndGlobalSection
	GlobalSection(ProjectConfigurationPlatforms) = postSolution
		{2FAAF785-D23F-47F9-B5D8-C19B5D2EE36D}.Debug|Any CPU.ActiveCfg = Debug|Any CPU
		{2FAAF785-D23F-47F9-B5D8-C19B5D2EE36D}.Debug|Any CPU.Build.0 = Debug|Any CPU
		{2FAAF785-D23F-47F9-B5D8-C19B5D2EE36D}.Release|Any CPU.ActiveCfg = Release|Any CPU
		{2FAAF785-D23F-47F9-B5D8-C19B5D2EE36D}.Release|Any CPU.Build.0 = Release|Any CPU
		{16B433D5-82E1-A952-3D9C-3C05FE5699C5}.Debug|Any CPU.ActiveCfg = Debug|Any CPU
		{16B433D5-82E1-A952-3D9C-3C05FE5699C5}.Debug|Any CPU.Build.0 = Debug|Any CPU
		{16B433D5-82E1-A952-3D9C-3C05FE5699C5}.Release|Any CPU.ActiveCfg = Release|Any CPU
		{16B433D5-82E1-A952-3D9C-3C05FE5699C5}.Release|Any CPU.Build.0 = Release|Any CPU
	EndGlobalSection
	GlobalSection(SolutionProperties) = preSolution
		HideSolutionNode = FALSE
	EndGlobalSection
	GlobalSection(NestedProjects) = preSolution
		{2FAAF785-D23F-47F9-B5D8-C19B5D2EE36D} = {A8B11B05-1D92-66A0-B6D6-122728ABC184}
		{16B433D5-82E1-A952-3D9C-3C05FE5699C5} = {A8B11B05-1D92-66A0-B6D6-122728ABC184}
	EndGlobalSection
	GlobalSection(ExtensibilityGlobals) = postSolution
		SolutionGuid = {1C3D3CBF-E28C-4C76-85C7-733A33700675}
	EndGlobalSection
EndGlobal
